
Microsoft Visual Studio Solution File, Format Version 12.00
# Visual Studio Version 17
VisualStudioVersion = 17.6.33801.468
MinimumVisualStudioVersion = 10.0.40219.1
Project("{FAE04EC0-301F-11D3-BF4B-00C04F79EFBC}") = "Shop_Task_MVC", "Shop_Task_MVC\Shop_Task_MVC.csproj", "{D37CC2F9-7117-4DD3-92B2-763A6AF67AE3}"
EndProject
Global
	GlobalSection(SolutionConfigurationPlatforms) = preSolution
		Debug|Any CPU = Debug|Any CPU
		Release|Any CPU = Release|Any CPU
	EndGlobalSection
	GlobalSection(ProjectConfigurationPlatforms) = postSolution
		{D37CC2F9-7117-4DD3-92B2-763A6AF67AE3}.Debug|Any CPU.ActiveCfg = Debug|Any CPU
		{D37CC2F9-7117-4DD3-92B2-763A6AF67AE3}.Debug|Any CPU.Build.0 = Debug|Any CPU
		{D37CC2F9-7117-4DD3-92B2-763A6AF67AE3}.Release|Any CPU.ActiveCfg = Release|Any CPU
		{D37CC2F9-7117-4DD3-92B2-763A6AF67AE3}.Release|Any CPU.Build.0 = Release|Any CPU
	EndGlobalSection
	GlobalSection(SolutionProperties) = preSolution
		HideSolutionNode = FALSE
	EndGlobalSection
	GlobalSection(ExtensibilityGlobals) = postSolution
		SolutionGuid = {1C049AE0-CAD2-48E9-9C02-A4CA27721B82}
	EndGlobalSection
EndGlobal
